{
    "_meta": {
        "hash": {
            "sha256": "13889773a5e495750ad1693f13518de64660ebedf724945a2601d9e1de4a10a3"
        },
        "pipfile-spec": 6,
        "requires": {
            "python_version": "3.7"
        },
        "sources": [
            {
                "name": "pypi",
                "url": "https://pypi.org/simple",
                "verify_ssl": true
            }
        ]
    },
    "default": {
        "certifi": {
            "hashes": [
                "sha256:9c5705e395cd70084351dd8ad5c41e65655e08ce46f2ec9cf6c2c08390f71eb7",
                "sha256:f1d53542ee8cbedbe2118b5686372fb33c297fcd6379b050cca0ef13a597382a"
            ],
            "markers": "python_version >= '3.6'",
            "version": "==2022.5.18.1"
        },
        "charset-normalizer": {
            "hashes": [
                "sha256:2857e29ff0d34db842cd7ca3230549d1a697f96ee6d3fb071cfa6c7393832597",
                "sha256:6881edbebdb17b39b4eaaa821b438bf6eddffb4468cf344f09f89def34a8b1df"
            ],
            "markers": "python_version >= '3'",
            "version": "==2.0.12"
        },
        "codecov": {
            "hashes": [
                "sha256:2ebd639d8f621aabcce399e475b0302e436cb7e00e7724d1b2224bbf3f215a0c",
                "sha256:e20e9fd7e530da14a22245862beb43a9fce9a6b998d9bf196c44d0207817b236"
            ],
            "index": "pypi",
            "version": "==2.1.3"
        },
        "coverage": {
            "hashes": [
                "sha256:15cf13a6896048d6d947bf7d222f36e4809ab926894beb748fc9caa14605d9c3",
                "sha256:1daa3eceed220f9fdb80d5ff950dd95112cd27f70d004c7918ca6dfc6c47054c",
                "sha256:1e44a022500d944d42f94df76727ba3fc0a5c0b672c358b61067abb88caee7a0",
                "sha256:25dbf1110d70bab68a74b4b9d74f30e99b177cde3388e07cc7272f2168bd1477",
                "sha256:3230d1003eec018ad4a472d254991e34241e0bbd513e97a29727c7c2f637bd2a",
                "sha256:3dbb72eaeea5763676a1a1efd9b427a048c97c39ed92e13336e726117d0b72bf",
                "sha256:5012d3b8d5a500834783689a5d2292fe06ec75dc86ee1ccdad04b6f5bf231691",
                "sha256:51bc7710b13a2ae0c726f69756cf7ffd4362f4ac36546e243136187cfcc8aa73",
                "sha256:527b4f316e6bf7755082a783726da20671a0cc388b786a64417780b90565b987",
                "sha256:722e4557c8039aad9592c6a4213db75da08c2cd9945320220634f637251c3894",
                "sha256:76e2057e8ffba5472fd28a3a010431fd9e928885ff480cb278877c6e9943cc2e",
                "sha256:77afca04240c40450c331fa796b3eab6f1e15c5ecf8bf2b8bee9706cd5452fef",
                "sha256:7afad9835e7a651d3551eab18cbc0fdb888f0a6136169fbef0662d9cdc9987cf",
                "sha256:9bea19ac2f08672636350f203db89382121c9c2ade85d945953ef3c8cf9d2a68",
                "sha256:a8b8ac7876bc3598e43e2603f772d2353d9931709345ad6c1149009fd1bc81b8",
                "sha256:b0840b45187699affd4c6588286d429cd79a99d509fe3de0f209594669bb0954",
                "sha256:b26aaf69713e5674efbde4d728fb7124e429c9466aeaf5f4a7e9e699b12c9fe2",
                "sha256:b63dd43f455ba878e5e9f80ba4f748c0a2156dde6e0e6e690310e24d6e8caf40",
                "sha256:be18f4ae5a9e46edae3f329de2191747966a34a3d93046dbdf897319923923bc",
                "sha256:c312e57847db2526bc92b9bfa78266bfbaabac3fdcd751df4d062cd4c23e46dc",
                "sha256:c60097190fe9dc2b329a0eb03393e2e0829156a589bd732e70794c0dd804258e",
                "sha256:c62a2143e1313944bf4a5ab34fd3b4be15367a02e9478b0ce800cb510e3bbb9d",
                "sha256:cc1109f54a14d940b8512ee9f1c3975c181bbb200306c6d8b87d93376538782f",
                "sha256:cd60f507c125ac0ad83f05803063bed27e50fa903b9c2cfee3f8a6867ca600fc",
                "sha256:d513cc3db248e566e07a0da99c230aca3556d9b09ed02f420664e2da97eac301",
                "sha256:d649dc0bcace6fcdb446ae02b98798a856593b19b637c1b9af8edadf2b150bea",
                "sha256:d7008a6796095a79544f4da1ee49418901961c97ca9e9d44904205ff7d6aa8cb",
                "sha256:da93027835164b8223e8e5af2cf902a4c80ed93cb0909417234f4a9df3bcd9af",
                "sha256:e69215621707119c6baf99bda014a45b999d37602cb7043d943c76a59b05bf52",
                "sha256:ea9525e0fef2de9208250d6c5aeeee0138921057cd67fcef90fbed49c4d62d37",
                "sha256:fca1669d464f0c9831fd10be2eef6b86f5ebd76c724d1e0706ebdff86bb4adf0"
            ],
            "index": "pypi",
            "version": "==5.0.3"
        },
        "dj-database-url": {
            "hashes": [
                "sha256:4aeaeb1f573c74835b0686a2b46b85990571159ffc21aa57ecd4d1e1cb334163",
                "sha256:851785365761ebe4994a921b433062309eb882fedd318e1b0fcecc607ed02da9"
            ],
            "index": "pypi",
            "version": "==0.5.0"
        },
        "django": {
            "hashes": [
                "sha256:84f370f6acedbe1f3c41e1a02de44ac206efda3355e427139ecb785b5f596d80",
                "sha256:e8fe3c2b2212dce6126becab7a693157f1a441a07b62ec994c046c76af5bb66d"
            ],
            "index": "pypi",
            "version": "==2.2.13"
        },
        "django-cors-headers": {
            "hashes": [
                "sha256:48d267c10d11d8e17805bf896071c0a3e8efb6f79f6634a90e6faac4c2f8a1a0",
                "sha256:73d654950b5f5e7e4f67c05183d2169d4f7518ceb87734eb0d68f9e43be59f1c"
            ],
            "index": "pypi",
            "version": "==3.3.0"
        },
        "django-dotenv": {
            "hashes": [
                "sha256:3812bb0f4876cf31f902aad140f0645e120e51ee30eb7c40c22050f58a0e4adb",
                "sha256:a9b1b40a70bd321acd231926acedb9bd2c5e873e33a1873b34a7276d196a765e"
            ],
            "index": "pypi",
            "version": "==1.4.2"
        },
        "django-heroku": {
            "hashes": [
                "sha256:2bc690aab89eedbe01311752320a9a12e7548e3b0ed102681acc5736a41a4762",
                "sha256:6af4bc3ae4a9b55eaad6dbe5164918982d2762661aebc9f83d9fa49f6009514e"
            ],
            "index": "pypi",
            "version": "==0.3.1"
        },
        "gunicorn": {
            "hashes": [
                "sha256:1904bb2b8a43658807108d59c3f3d56c2b6121a701161de0ddf9ad140073c626",
                "sha256:cd4a810dd51bf497552cf3f863b575dabd73d6ad6a91075b65936b151cbf4f9c"
            ],
            "index": "pypi",
            "version": "==20.0.4"
        },
        "idna": {
            "hashes": [
                "sha256:84d9dd047ffa80596e0f246e2eab0b391788b0503584e8945f2368256d2735ff",
                "sha256:9d643ff0a55b762d5cdb124b8eaa99c66322e2157b69160bc32796e824360e6d"
            ],
            "markers": "python_version >= '3'",
            "version": "==3.3"
        },
        "psycopg2": {
            "hashes": [
                "sha256:0b9e48a1c1505699a64ac58815ca99104aacace8321e455072cee4f7fe7b2698",
                "sha256:0f4c784e1b5a320efb434c66a50b8dd7e30a7dc047e8f45c0a8d2694bfe72781",
                "sha256:0fdbaa32c9eb09ef09d425dc154628fca6fa69d2f7c1a33f889abb7e0efb3909",
                "sha256:11fbf688d5c953c0a5ba625cc42dea9aeb2321942c7c5ed9341a68f865dc8cb1",
                "sha256:19eaac4eb25ab078bd0f28304a0cb08702d120caadfe76bb1e6846ed1f68635e",
                "sha256:3232ec1a3bf4dba97fbf9b03ce12e4b6c1d01ea3c85773903a67ced725728232",
                "sha256:36f8f9c216fcca048006f6dd60e4d3e6f406afde26cfb99e063f137070139eaf",
                "sha256:59c1a0e4f9abe970062ed35d0720935197800a7ef7a62b3a9e3a70588d9ca40b",
                "sha256:6506c5ff88750948c28d41852c09c5d2a49f51f28c6d90cbf1b6808e18c64e88",
                "sha256:6bc3e68ee16f571681b8c0b6d5c0a77bef3c589012352b3f0cf5520e674e9d01",
                "sha256:6dbbd7aabbc861eec6b910522534894d9dbb507d5819bc982032c3ea2e974f51",
                "sha256:6e737915de826650d1a5f7ff4ac6cf888a26f021a647390ca7bafdba0e85462b",
                "sha256:6ed9b2cfe85abc720e8943c1808eeffd41daa73e18b7c1e1a228b0b91f768ccc",
                "sha256:711ec617ba453fdfc66616db2520db3a6d9a891e3bf62ef9aba4c95bb4e61230",
                "sha256:844dacdf7530c5c612718cf12bc001f59b2d9329d35b495f1ff25045161aa6af",
                "sha256:86b52e146da13c896e50c5a3341a9448151f1092b1a4153e425d1e8b62fec508",
                "sha256:985c06c2a0f227131733ae58d6a541a5bc8b665e7305494782bebdb74202b793",
                "sha256:a86dfe45f4f9c55b1a2312ff20a59b30da8d39c0e8821d00018372a2a177098f",
                "sha256:aa3cd07f7f7e3183b63d48300666f920828a9dbd7d7ec53d450df2c4953687a9",
                "sha256:b1964ed645ef8317806d615d9ff006c0dadc09dfc54b99ae67f9ba7a1ec9d5d2",
                "sha256:b2abbff9e4141484bb89b96eb8eae186d77bc6d5ffbec6b01783ee5c3c467351",
                "sha256:cc33c3a90492e21713260095f02b12bee02b8d1f2c03a221d763ce04fa90e2e9",
                "sha256:d7de3bf0986d777807611c36e809b77a13bf1888f5c8db0ebf24b47a52d10726",
                "sha256:db5e3c52576cc5b93a959a03ccc3b02cb8f0af1fbbdc80645f7a215f0b864f3a",
                "sha256:e168aa795ffbb11379c942cf95bf813c7db9aa55538eb61de8c6815e092416f5",
                "sha256:e9ca911f8e2d3117e5241d5fa9aaa991cb22fb0792627eeada47425d706b5ec8",
                "sha256:eccf962d41ca46e6326b97c8fe0a6687b58dfc1a5f6540ed071ff1474cea749e",
                "sha256:efa19deae6b9e504a74347fe5e25c2cb9343766c489c2ae921b05f37338b18d1",
                "sha256:f4b0460a21f784abe17b496f66e74157a6c36116fa86da8bf6aa028b9e8ad5fe",
                "sha256:f93d508ca64d924d478fb11e272e09524698f0c581d9032e68958cfbdd41faef"
            ],
            "index": "pypi",
            "version": "==2.7.5"
        },
        "pyjwt": {
            "hashes": [
                "sha256:72d1d253f32dbd4f5c88eaf1fdc62f3a19f676ccbadb9dbc5d07e951b2b26daf",
                "sha256:d42908208c699b3b973cbeb01a969ba6a96c821eefb1c5bfe4c390c01d67abba"
            ],
            "index": "pypi",
            "version": "==2.4.0"
        },
        "pytz": {
            "hashes": [
                "sha256:1e760e2fe6a8163bc0b3d9a19c4f84342afa0a2affebfaa84b01b978a02ecaa7",
                "sha256:e68985985296d9a66a881eb3193b0906246245294a881e7c8afe623866ac6a5c"
            ],
            "version": "==2022.1"
        },
        "requests": {
            "hashes": [
                "sha256:68d7c56fd5a8999887728ef304a6d12edc7be74f1cfa47714fc8b414525c9a61",
                "sha256:f22fa1e554c9ddfd16e6e41ac79759e17be9e492b3587efa038054674760e72d"
            ],
            "markers": "python_version >= '2.7' and python_version not in '3.0, 3.1, 3.2, 3.3, 3.4, 3.5'",
            "version": "==2.27.1"
        },
        "setuptools": {
            "hashes": [
                "sha256:68e45d17c9281ba25dc0104eadd2647172b3472d9e01f911efa57965e8d51a36",
                "sha256:a43bdedf853c670e5fed28e5623403bad2f73cf02f9a2774e91def6bda8265a7"
            ],
            "markers": "python_version >= '3.7'",
            "version": "==62.3.2"
        },
        "sqlparse": {
            "hashes": [
                "sha256:0c00730c74263a94e5a9919ade150dfc3b19c574389985446148402998287dae",
                "sha256:48719e356bb8b42991bdbb1e8b83223757b93789c00910a616a071910ca4a64d"
            ],
            "markers": "python_version >= '3.5'",
            "version": "==0.4.2"
        },
        "urllib3": {
            "hashes": [
                "sha256:44ece4d53fb1706f667c9bd1c648f5469a2ec925fcf3a776667042d645472c14",
                "sha256:aabaf16477806a5e1dd19aa41f8c2b7950dd3c746362d7e3223dbe6de6ac448e"
            ],
            "markers": "python_version >= '2.7' and python_version not in '3.0, 3.1, 3.2, 3.3, 3.4' and python_version < '4'",
            "version": "==1.26.9"
        },
        "whitenoise": {
            "hashes": [
                "sha256:15f43b2e701821b95c9016cf469d29e2a546cb1c7dead584ba82c36f843995cf",
                "sha256:9d81515f2b5b27051910996e1e860b1332e354d9e7bcf30c98f21dcb6713e0dd"
            ],
            "index": "pypi",
            "version": "==3.3.1"
        }
    },
    "develop": {
        "appdirs": {
            "hashes": [
                "sha256:7d5d0167b2b1ba821647616af46a749d1c653740dd0d2415100fe26e27afdf41",
                "sha256:a841dacd6b99318a741b166adb07e19ee71a274450e68237b4650ca1055ab128"
            ],
            "version": "==1.4.4"
        },
        "attrs": {
            "hashes": [
                "sha256:2d27e3784d7a565d36ab851fe94887c5eccd6a463168875832a1be79c82828b4",
                "sha256:626ba8234211db98e869df76230a137c4c40a12d72445c45d5f5b716f076e2fd"
            ],
            "markers": "python_version >= '2.7' and python_version not in '3.0, 3.1, 3.2, 3.3, 3.4'",
            "version": "==21.4.0"
        },
        "black": {
            "hashes": [
                "sha256:1b30e59be925fafc1ee4565e5e08abef6b03fe455102883820fe5ee2e4734e0b",
                "sha256:c2edb73a08e9e0e6f65a0e6af18b059b8b1cdd5bef997d7a0b181df93dc81539"
            ],
            "index": "pypi",
            "version": "==19.10b0"
        },
        "click": {
            "hashes": [
                "sha256:7682dc8afb30297001674575ea00d1814d808d6a36af415a82bd481d37ba7b8e",
                "sha256:bb4d8133cb15a609f44e8213d9b391b0809795062913b383c62be0ee95b1db48"
            ],
            "markers": "python_version >= '3.7'",
            "version": "==8.1.3"
        },
        "flake8": {
            "hashes": [
                "sha256:c69ac1668e434d37a2d2880b3ca9aafd54b3a10a3ac1ab101d22f29e29cf8634",
                "sha256:ccaa799ef9893cebe69fdfefed76865aeaefbb94cb8545617b2298786a4de9a5"
            ],
            "index": "pypi",
            "version": "==3.8.2"
        },
        "importlib-metadata": {
            "hashes": [
                "sha256:5d26852efe48c0a32b0509ffbc583fda1a2266545a78d104a6f4aff3db17d700",
                "sha256:c58c8eb8a762858f49e18436ff552e83914778e50e9d2f1660535ffb364552ec"
            ],
            "markers": "python_version < '3.8'",
            "version": "==4.11.4"
        },
        "mccabe": {
            "hashes": [
                "sha256:ab8a6258860da4b6677da4bd2fe5dc2c659cff31b3ee4f7f5d64e79735b80d42",
                "sha256:dd8d182285a0fe56bace7f45b5e7d1a6ebcbf524e8f3bd87eb0f125271b8831f"
            ],
            "version": "==0.6.1"
        },
        "pathspec": {
            "hashes": [
                "sha256:7d15c4ddb0b5c802d161efc417ec1a2558ea2653c2e8ad9c19098201dc1c993a",
                "sha256:e564499435a2673d586f6b2130bb5b95f04a3ba06f81b8f895b651a3c76aabb1"
            ],
            "version": "==0.9.0"
        },
        "pycodestyle": {
            "hashes": [
                "sha256:2295e7b2f6b5bd100585ebcb1f616591b652db8a741695b3d8f5d28bdc934367",
                "sha256:c58a7d2815e0e8d7972bf1803331fb0152f867bd89adf8a01dfd55085434192e"
            ],
            "markers": "python_version >= '2.7' and python_version not in '3.0, 3.1, 3.2, 3.3'",
            "version": "==2.6.0"
        },
        "pyflakes": {
            "hashes": [
                "sha256:0d94e0e05a19e57a99444b6ddcf9a6eb2e5c68d3ca1e98e90707af8152c90a92",
                "sha256:35b2d75ee967ea93b55750aa9edbbf72813e06a66ba54438df2cfac9e3c27fc8"
            ],
            "markers": "python_version >= '2.7' and python_version not in '3.0, 3.1, 3.2, 3.3'",
            "version": "==2.2.0"
        },
        "regex": {
            "hashes": [
                "sha256:02543d6d5c32d361b7cc468079ba4cddaaf4a6544f655901ba1ff9d8e3f18755",
                "sha256:036d1c1fbe69eba3ee253c107e71749cdbb4776db93d674bc0d5e28f30300734",
                "sha256:071bcb625e890f28b7c4573124a6512ea65107152b1d3ca101ce33a52dad4593",
                "sha256:0f8da3145f4b72f7ce6181c804eaa44cdcea313c8998cdade3d9e20a8717a9cb",
                "sha256:0fb6cb16518ac7eff29d1e0b0cce90275dfae0f17154165491058c31d58bdd1d",
                "sha256:0fd464e547dbabf4652ca5fe9d88d75ec30182981e737c07b3410235a44b9939",
                "sha256:12af15b6edb00e425f713160cfd361126e624ec0de86e74f7cad4b97b7f169b3",
                "sha256:165cc75cfa5aa0f12adb2ac6286330e7229a06dc0e6c004ec35da682b5b89579",
                "sha256:1a07e8366115069f26822c47732122ab61598830a69f5629a37ea8881487c107",
                "sha256:1c2de7f32fa87d04d40f54bce3843af430697aba51c3a114aa62837a0772f219",
                "sha256:253f858a0255cd91a0424a4b15c2eedb12f20274f85731b0d861c8137e843065",
                "sha256:275afc7352982ee947fc88f67a034b52c78395977b5fc7c9be15f7dc95b76f06",
                "sha256:2bde99f2cdfd6db1ec7e02d68cadd384ffe7413831373ea7cc68c5415a0cb577",
                "sha256:3241db067a7f69da57fba8bca543ac8a7ca415d91e77315690202749b9fdaba1",
                "sha256:37903d5ca11fa47577e8952d2e2c6de28553b11c70defee827afb941ab2c6729",
                "sha256:3dfbadb7b74d95f72f9f9dbf9778f7de92722ab520a109ceaf7927461fa85b10",
                "sha256:3e35c50b27f36176c792738cb9b858523053bc495044d2c2b44db24376b266f1",
                "sha256:3e9e983fc8e0d4d5ded7caa5aed39ca2cf6026d7e39801ef6f0af0b1b6cd9276",
                "sha256:3f6bd8178cce5bb56336722d5569d19c50bba5915a69a2050c497fb921e7cb0f",
                "sha256:43ee0df35925ae4b0cc6ee3f60b73369e559dd2ac40945044da9394dd9d3a51d",
                "sha256:45b761406777a681db0c24686178532134c937d24448d9e085279b69e9eb7da4",
                "sha256:46cbc5b23f85e94161b093dba1b49035697cf44c7db3c930adabfc0e6d861b95",
                "sha256:4f2e2cef324ca9355049ee1e712f68e2e92716eba24275e6767b9bfa15f1f478",
                "sha256:50b77622016f03989cd06ecf6b602c7a6b4ed2e3ce04133876b041d109c934ee",
                "sha256:582ea06079a03750b5f71e20a87cd99e646d796638b5894ff85987ebf5e04924",
                "sha256:58521abdab76583bd41ef47e5e2ddd93b32501aee4ee8cee71dee10a45ba46b1",
                "sha256:5b9c7b6895a01204296e9523b3e12b43e013835a9de035a783907c2c1bc447f0",
                "sha256:6165e737acb3bea3271372e8aa5ebe7226c8a8e8da1b94af2d6547c5a09d689d",
                "sha256:66fb765b2173d90389384708e3e1d3e4be1148bd8d4d50476b1469da5a2f0229",
                "sha256:68aed3fb0c61296bd6d234f558f78c51671f79ccb069cbcd428c2eea6fee7a5b",
                "sha256:6a0ef57cccd8089b4249eebad95065390e56c04d4a92c51316eab4131bca96a9",
                "sha256:709396c0c95b95045fac89b94f997410ff39b81a09863fe21002f390d48cc7d3",
                "sha256:73ed1b06abadbf6b61f6033a07c06f36ec0ddca117e41ef2ac37056705e46458",
                "sha256:7a608022f4593fc67518c6c599ae5abdb03bb8acd75993c82cd7a4c8100eff81",
                "sha256:7c4d9770e579eb11b582b2e2fd19fa204a15cb1589ae73cd4dcbb63b64f3e828",
                "sha256:7dbc96419ef0fb6ac56626014e6d3a345aeb8b17a3df8830235a88626ffc8d84",
                "sha256:7f271d0831d8ebc56e17b37f9fa1824b0379221d1238ae77c18a6e8c47f1fdce",
                "sha256:82b7fc67e49fdce671bdbec1127189fc979badf062ce6e79dc95ef5e07a8bf92",
                "sha256:85b7ee4d0c7a46296d884f6b489af8b960c4291d76aea4b22fd4fbe05e6ec08e",
                "sha256:8b747cef8e5dcdaf394192d43a0c02f5825aeb0ecd3d43e63ae500332ab830b0",
                "sha256:8bf867ba71856414a482e4b683500f946c300c4896e472e51d3db8dfa8dc8f32",
                "sha256:8e0da7ef160d4f3eb3d4d3e39a02c3c42f7dbcfce62c81f784cc99fc7059765f",
                "sha256:8e7d33f93cdd01868327d834d0f5bb029241cd293b47d51b96814dec27fc9b4b",
                "sha256:92183e9180c392371079262879c6532ccf55f808e6900df5d9f03c9ca8807255",
                "sha256:92ad03f928675ca05b79d3b1d3dfc149e2226d57ed9d57808f82105d511d0212",
                "sha256:97af238389cb029d63d5f2d931a7e8f5954ad96e812de5faaed373b68e74df86",
                "sha256:9913bcf730eb6e9b441fb176832eea9acbebab6035542c7c89d90c803f5cd3be",
                "sha256:9dae5affbb66178dad6c6fd5b02221ca9917e016c75ee3945e9a9563eb1fbb6f",
                "sha256:a850f5f369f1e3b6239da7fb43d1d029c1e178263df671819889c47caf7e4ff3",
                "sha256:aa6daa189db9104787ff1fd7a7623ce017077aa59eaac609d0d25ba95ed251a0",
                "sha256:aabc28f7599f781ddaeac168d0b566d0db82182cc3dcf62129f0a4fc2927b811",
                "sha256:af1e687ffab18a75409e5e5d6215b6ccd41a5a1a0ea6ce9665e01253f737a0d3",
                "sha256:b1d53835922cd0f9b74b2742453a444865a70abae38d12eb41c59271da66f38d",
                "sha256:b2df3ede85d778c949d9bd2a50237072cee3df0a423c91f5514f78f8035bde87",
                "sha256:b415b82e5be7389ec5ee7ee35431e4a549ea327caacf73b697c6b3538cb5c87f",
                "sha256:b7ba3c304a4a5d8112dbd30df8b3e4ef59b4b07807957d3c410d9713abaee9a8",
                "sha256:bcc6f7a3a95119c3568c572ca167ada75f8319890706283b9ba59b3489c9bcb3",
                "sha256:be392d9cd5309509175a9d7660dc17bf57084501108dbff0c5a8bfc3646048c3",
                "sha256:bea61de0c688198e3d9479344228c7accaa22a78b58ec408e41750ebafee6c08",
                "sha256:bedb3d01ad35ea1745bdb1d57f3ee0f996f988c98f5bbae9d068c3bb3065d210",
                "sha256:c36906a7855ec33a9083608e6cd595e4729dab18aeb9aad0dd0b039240266239",
                "sha256:c4fdf837666f7793a5c3cfa2f2f39f03eb6c7e92e831bc64486c2f547580c2b3",
                "sha256:cfad3a770839aa456ff9a9aa0e253d98b628d005a3ccb37da1ff9be7c84fee16",
                "sha256:d128e278e5e554c5c022c7bed410ca851e00bacebbb4460de546a73bc53f8de4",
                "sha256:dffd9114ade73137ab2b79a8faf864683dbd2dbbb6b23a305fbbd4cbaeeb2187",
                "sha256:e2acf5c66fbb62b5fe4c40978ddebafa50818f00bf79d60569d9762f6356336e",
                "sha256:e65580ae3137bce712f505ec7c2d700aef0014a3878c4767b74aff5895fc454f",
                "sha256:e944268445b5694f5d41292c9228f0ca46d5a32a67f195d5f8547c1f1d91f4bc",
                "sha256:ed26c3d2d62c6588e0dad175b8d8cc0942a638f32d07b80f92043e5d73b7db67",
                "sha256:ed625205f5f26984382b68e4cbcbc08e6603c9e84c14b38457170b0cc71c823b",
                "sha256:f2a5d9f612091812dee18375a45d046526452142e7b78c4e21ab192db15453d5",
                "sha256:f86aef546add4ff1202e1f31e9bb54f9268f17d996b2428877283146bf9bc013",
                "sha256:f89d26e50a4c7453cb8c415acd09e72fbade2610606a9c500a1e48c43210a42d",
                "sha256:fb7107faf0168de087f62a2f2ed00f9e9da12e0b801582b516ddac236b871cda"
            ],
            "markers": "python_version >= '3.6'",
            "version": "==2022.4.24"
        },
        "toml": {
            "hashes": [
                "sha256:806143ae5bfb6a3c6e736a764057db0e6a0e05e338b5630894a5f779cabb4f9b",
                "sha256:b3bda1d108d5dd99f4a20d24d9c348e91c4db7ab1b749200bded2f839ccbe68f"
            ],
            "markers": "python_version >= '2.6' and python_version not in '3.0, 3.1, 3.2, 3.3'",
            "version": "==0.10.2"
        },
        "typed-ast": {
            "hashes": [
                "sha256:0261195c2062caf107831e92a76764c81227dae162c4f75192c0d489faf751a2",
                "sha256:0fdbcf2fef0ca421a3f5912555804296f0b0960f0418c440f5d6d3abb549f3e1",
                "sha256:183afdf0ec5b1b211724dfef3d2cad2d767cbefac291f24d69b00546c1837fb6",
                "sha256:211260621ab1cd7324e0798d6be953d00b74e0428382991adfddb352252f1d62",
                "sha256:267e3f78697a6c00c689c03db4876dd1efdfea2f251a5ad6555e82a26847b4ac",
                "sha256:2efae9db7a8c05ad5547d522e7dbe62c83d838d3906a3716d1478b6c1d61388d",
                "sha256:370788a63915e82fd6f212865a596a0fefcbb7d408bbbb13dea723d971ed8bdc",
                "sha256:39e21ceb7388e4bb37f4c679d72707ed46c2fbf2a5609b8b8ebc4b067d977df2",
                "sha256:3e123d878ba170397916557d31c8f589951e353cc95fb7f24f6bb69adc1a8a97",
                "sha256:4879da6c9b73443f97e731b617184a596ac1235fe91f98d279a7af36c796da35",
                "sha256:4e964b4ff86550a7a7d56345c7864b18f403f5bd7380edf44a3c1fb4ee7ac6c6",
                "sha256:639c5f0b21776605dd6c9dbe592d5228f021404dafd377e2b7ac046b0349b1a1",
                "sha256:669dd0c4167f6f2cd9f57041e03c3c2ebf9063d0757dc89f79ba1daa2bfca9d4",
                "sha256:6778e1b2f81dfc7bc58e4b259363b83d2e509a65198e85d5700dfae4c6c8ff1c",
                "sha256:683407d92dc953c8a7347119596f0b0e6c55eb98ebebd9b23437501b28dcbb8e",
                "sha256:79b1e0869db7c830ba6a981d58711c88b6677506e648496b1f64ac7d15633aec",
                "sha256:7d5d014b7daa8b0bf2eaef684295acae12b036d79f54178b92a2b6a56f92278f",
                "sha256:98f80dee3c03455e92796b58b98ff6ca0b2a6f652120c263efdba4d6c5e58f72",
                "sha256:a94d55d142c9265f4ea46fab70977a1944ecae359ae867397757d836ea5a3f47",
                "sha256:a9916d2bb8865f973824fb47436fa45e1ebf2efd920f2b9f99342cb7fab93f72",
                "sha256:c542eeda69212fa10a7ada75e668876fdec5f856cd3d06829e6aa64ad17c8dfe",
                "sha256:cf4afcfac006ece570e32d6fa90ab74a17245b83dfd6655a6f68568098345ff6",
                "sha256:ebd9d7f80ccf7a82ac5f88c521115cc55d84e35bf8b446fcd7836eb6b98929a3",
                "sha256:ed855bbe3eb3715fca349c80174cfcfd699c2f9de574d40527b8429acae23a66"
            ],
            "markers": "python_version >= '3.6'",
            "version": "==1.5.4"
        },
        "typing-extensions": {
            "hashes": [
                "sha256:6657594ee297170d19f67d55c05852a874e7eb634f4f753dbd667855e07c1708",
                "sha256:f1c24655a0da0d1b67f07e17a5e6b2a105894e6824b92096378bb3668ef02376"
            ],
            "markers": "python_version < '3.8'",
            "version": "==4.2.0"
        },
        "zipp": {
            "hashes": [
                "sha256:56bf8aadb83c24db6c4b577e13de374ccfb67da2078beba1d037c17980bf43ad",
                "sha256:c4f6e5bbf48e74f7a38e7cc5b0480ff42b0ae5178957d564d18932525d5cf099"
            ],
            "markers": "python_version >= '3.7'",
            "version": "==3.8.0"
        }
    }
}
